Microsoft Visual Studio Solution File, Format Version 12.00
# Visual Studio Version 17
VisualStudioVersion = 17.5.2.0
MinimumVisualStudioVersion = 10.0.40219.1
Project("{FAE04EC0-301F-11D3-BF4B-00C04F79EFBC}") = "randevuappapi", "randevuappapi.csproj", "{9B3B6F1D-0A04-FA19-70E5-6E36A84EEB37}"
EndProject
Global
	GlobalSection(SolutionConfigurationPlatforms) = preSolution
		Debug|Any CPU = Debug|Any CPU
		Release|Any CPU = Release|Any CPU
	EndGlobalSection
	GlobalSection(ProjectConfigurationPlatforms) = postSolution
		{9B3B6F1D-0A04-FA19-70E5-6E36A84EEB37}.Debug|Any CPU.ActiveCfg = Debug|Any CPU
		{9B3B6F1D-0A04-FA19-70E5-6E36A84EEB37}.Debug|Any CPU.Build.0 = Debug|Any CPU
		{9B3B6F1D-0A04-FA19-70E5-6E36A84EEB37}.Release|Any CPU.ActiveCfg = Release|Any CPU
		{9B3B6F1D-0A04-FA19-70E5-6E36A84EEB37}.Release|Any CPU.Build.0 = Release|Any CPU
	EndGlobalSection
	GlobalSection(SolutionProperties) = preSolution
		HideSolutionNode = FALSE
	EndGlobalSection
	GlobalSection(ExtensibilityGlobals) = postSolution
		SolutionGuid = {0382992F-9E43-4CC1-9FF4-7B3620F89439}
	EndGlobalSection
EndGlobal
